<?xml version="1.0" encoding="utf-8"?>
<Project ToolsVersion="4.0" xmlns="http://schemas.microsoft.com/developer/msbuild/2003">
  <ItemGroup>
    <ClCompile Include="requiesServer.cpp" />
    <ClCompile Include="pch.cpp" />
    <ClCompile Include="GameSession.cpp" />
    <ClCompile Include="Player.cpp" />
    <ClCompile Include="SessionManager.cpp" />
    <ClCompile Include="PacketHandler.cpp" />
    <ClCompile Include="Sector.cpp" />
    <ClCompile Include="Map.cpp" />
    <ClCompile Include="MapDataManager.cpp" />
    <ClCompile Include="SpawnZone.cpp" />
    <ClCompile Include="Monster.cpp" />
    <ClCompile Include="GameObject.cpp" />
    <ClCompile Include="MonsterManager.cpp" />
  </ItemGroup>
  <ItemGroup>
    <ClInclude Include="pch.h" />
    <ClInclude Include="GameSession.h" />
    <ClInclude Include="Player.h" />
    <ClInclude Include="SessionManager.h" />
    <ClInclude Include="PacketHandler.h" />
    <ClInclude Include="Sector.h" />
    <ClInclude Include="Map.h" />
    <ClInclude Include="MapDataManager.h" />
    <ClInclude Include="SpawnZone.h" />
    <ClInclude Include="Monster.h" />
    <ClInclude Include="GameObject.h" />
    <ClInclude Include="MonsterManager.h" />
  </ItemGroup>
</Project>