<?xml version="1.0" encoding="utf-8"?>
<Project ToolsVersion="4.0" xmlns="http://schemas.microsoft.com/developer/msbuild/2003">
  <ItemGroup>
    <ClInclude Include="Types.h">
      <Filter>Core</Filter>
    </ClInclude>
    <ClInclude Include="CorePch.h">
      <Filter>Core</Filter>
    </ClInclude>
    <ClInclude Include="pch.h">
      <Filter>Core</Filter>
    </ClInclude>
    <ClInclude Include="Session.h">
      <Filter>Core</Filter>
    </ClInclude>
    <ClInclude Include="RecvBuffer.h">
      <Filter>Core</Filter>
    </ClInclude>
    <ClInclude Include="TCPListener.h">
      <Filter>Core</Filter>
    </ClInclude>
    <ClInclude Include="TCPConnector.h">
      <Filter>Core</Filter>
    </ClInclude>
    <ClInclude Include="IOCPCore.h">
      <Filter>Core</Filter>
    </ClInclude>
    <ClInclude Include="ThreadManager.h">
      <Filter>Base</Filter>
    </ClInclude>
    <ClInclude Include="Service.h">
      <Filter>Base</Filter>
    </ClInclude>
    <ClInclude Include="ServerService.h">
      <Filter>Base</Filter>
    </ClInclude>
    <ClInclude Include="ClientService.h">
      <Filter>Base</Filter>
    </ClInclude>
    <ClInclude Include="BufferWriter.h">
      <Filter>Base</Filter>
    </ClInclude>
    <ClInclude Include="BufferReader.h">
      <Filter>Base</Filter>
    </ClInclude>
  </ItemGroup>
  <ItemGroup>
    <Filter Include="Base">
      <UniqueIdentifier>{50ec971e-7f2e-49e5-a3b0-91176b8928bf}</UniqueIdentifier>
    </Filter>
    <Filter Include="Core">
      <UniqueIdentifier>{9abe3539-194a-4517-bb8d-d340aeb7b7de}</UniqueIdentifier>
    </Filter>
  </ItemGroup>
  <ItemGroup>
    <ClCompile Include="pch.cpp">
      <Filter>Core</Filter>
    </ClCompile>
    <ClCompile Include="Session.cpp">
      <Filter>Core</Filter>
    </ClCompile>
    <ClCompile Include="RecvBuffer.cpp">
      <Filter>Core</Filter>
    </ClCompile>
    <ClCompile Include="TCPListener.cpp">
      <Filter>Core</Filter>
    </ClCompile>
    <ClCompile Include="TCPConnector.cpp">
      <Filter>Core</Filter>
    </ClCompile>
    <ClCompile Include="IOCPCore.cpp">
      <Filter>Core</Filter>
    </ClCompile>
    <ClCompile Include="ThreadManager.cpp">
      <Filter>Base</Filter>
    </ClCompile>
    <ClCompile Include="Service.cpp">
      <Filter>Base</Filter>
    </ClCompile>
    <ClCompile Include="ServerService.cpp">
      <Filter>Base</Filter>
    </ClCompile>
    <ClCompile Include="ClientService.cpp">
      <Filter>Base</Filter>
    </ClCompile>
    <ClCompile Include="BufferWriter.cpp">
      <Filter>Base</Filter>
    </ClCompile>
    <ClCompile Include="BufferReader.cpp">
      <Filter>Base</Filter>
    </ClCompile>
  </ItemGroup>
</Project>